
Microsoft Visual Studio Solution File, Format Version 12.00
# Visual Studio Version 16
VisualStudioVersion = 16.0.29613.14
MinimumVisualStudioVersion = 10.0.40219.1
Project("{FAE04EC0-301F-11D3-BF4B-00C04F79EFBC}") = "APMethods", "APMethods\APMethods.csproj", "{3E726CA0-3033-47C0-ADAA-023DD0EFE15D}"
EndProject
Global
	GlobalSection(SolutionConfigurationPlatforms) = preSolution
		Debug|Any CPU = Debug|Any CPU
		Release|Any CPU = Release|Any CPU
	EndGlobalSection
	GlobalSection(ProjectConfigurationPlatforms) = postSolution
		{3E726CA0-3033-47C0-ADAA-023DD0EFE15D}.Debug|Any CPU.ActiveCfg = Debug|Any CPU
		{3E726CA0-3033-47C0-ADAA-023DD0EFE15D}.Debug|Any CPU.Build.0 = Debug|Any CPU
		{3E726CA0-3033-47C0-ADAA-023DD0EFE15D}.Release|Any CPU.ActiveCfg = Release|Any CPU
		{3E726CA0-3033-47C0-ADAA-023DD0EFE15D}.Release|Any CPU.Build.0 = Release|Any CPU
	EndGlobalSection
	GlobalSection(SolutionProperties) = preSolution
		HideSolutionNode = FALSE
	EndGlobalSection
	GlobalSection(ExtensibilityGlobals) = postSolution
		SolutionGuid = {C44E0073-3452-4E2F-A65C-670051D4D1C9}
	EndGlobalSection
EndGlobal
